
Microsoft Visual Studio Solution File, Format Version 10.00
# Visual Studio 2008
Project("{8BC9CEB8-8B4A-11D0-8D11-00A0C91BC942}") = "Hash", "VS2008\Libs\Hash.vcproj", "{D7FBAA93-50BA-4E82-B13E-5B40B5C7307F}"
EndProject
Project("{8BC9CEB8-8B4A-11D0-8D11-00A0C91BC942}") = "Reflection", "VS2008\Libs\Reflection.vcproj", "{73AE56BB-7B13-4600-A429-F518BC6A727D}"
EndProject
Project("{8BC9CEB8-8B4A-11D0-8D11-00A0C91BC942}") = "Core", "VS2008\Core.vcproj", "{5F29E64A-2470-4831-BAC6-24B54EC717FB}"
EndProject
Project("{8BC9CEB8-8B4A-11D0-8D11-00A0C91BC942}") = "TinyXml", "VS2008\Ext\TinyXml.vcproj", "{682C1345-508D-4BF9-9F84-65453A235DF0}"
EndProject
Project("{8BC9CEB8-8B4A-11D0-8D11-00A0C91BC942}") = "Stream", "VS2008\Libs\Stream.vcproj", "{E315FD23-B4D1-41A7-8503-355C34C2DB41}"
EndProject
Project("{8BC9CEB8-8B4A-11D0-8D11-00A0C91BC942}") = "GRTest", "GRTest\GRTest.vcproj", "{EEFB922D-3F3D-41E2-9427-AE80A0E5A31C}"
	ProjectSection(ProjectDependencies) = postProject
		{E315FD23-B4D1-41A7-8503-355C34C2DB41} = {E315FD23-B4D1-41A7-8503-355C34C2DB41}
		{682C1345-508D-4BF9-9F84-65453A235DF0} = {682C1345-508D-4BF9-9F84-65453A235DF0}
		{5F29E64A-2470-4831-BAC6-24B54EC717FB} = {5F29E64A-2470-4831-BAC6-24B54EC717FB}
		{D7FBAA93-50BA-4E82-B13E-5B40B5C7307F} = {D7FBAA93-50BA-4E82-B13E-5B40B5C7307F}
		{73AE56BB-7B13-4600-A429-F518BC6A727D} = {73AE56BB-7B13-4600-A429-F518BC6A727D}
	EndProjectSection
EndProject
Global
	GlobalSection(SolutionConfigurationPlatforms) = preSolution
		Debug|Win32 = Debug|Win32
		Release|Win32 = Release|Win32
	EndGlobalSection
	GlobalSection(ProjectConfigurationPlatforms) = postSolution
		{D7FBAA93-50BA-4E82-B13E-5B40B5C7307F}.Debug|Win32.ActiveCfg = Debug|Win32
		{D7FBAA93-50BA-4E82-B13E-5B40B5C7307F}.Debug|Win32.Build.0 = Debug|Win32
		{D7FBAA93-50BA-4E82-B13E-5B40B5C7307F}.Release|Win32.ActiveCfg = Release|Win32
		{D7FBAA93-50BA-4E82-B13E-5B40B5C7307F}.Release|Win32.Build.0 = Release|Win32
		{73AE56BB-7B13-4600-A429-F518BC6A727D}.Debug|Win32.ActiveCfg = Debug|Win32
		{73AE56BB-7B13-4600-A429-F518BC6A727D}.Debug|Win32.Build.0 = Debug|Win32
		{73AE56BB-7B13-4600-A429-F518BC6A727D}.Release|Win32.ActiveCfg = Release|Win32
		{73AE56BB-7B13-4600-A429-F518BC6A727D}.Release|Win32.Build.0 = Release|Win32
		{5F29E64A-2470-4831-BAC6-24B54EC717FB}.Debug|Win32.ActiveCfg = Debug|Win32
		{5F29E64A-2470-4831-BAC6-24B54EC717FB}.Debug|Win32.Build.0 = Debug|Win32
		{5F29E64A-2470-4831-BAC6-24B54EC717FB}.Release|Win32.ActiveCfg = Release|Win32
		{5F29E64A-2470-4831-BAC6-24B54EC717FB}.Release|Win32.Build.0 = Release|Win32
		{682C1345-508D-4BF9-9F84-65453A235DF0}.Debug|Win32.ActiveCfg = Debug|Win32
		{682C1345-508D-4BF9-9F84-65453A235DF0}.Debug|Win32.Build.0 = Debug|Win32
		{682C1345-508D-4BF9-9F84-65453A235DF0}.Release|Win32.ActiveCfg = Release|Win32
		{682C1345-508D-4BF9-9F84-65453A235DF0}.Release|Win32.Build.0 = Release|Win32
		{E315FD23-B4D1-41A7-8503-355C34C2DB41}.Debug|Win32.ActiveCfg = Debug|Win32
		{E315FD23-B4D1-41A7-8503-355C34C2DB41}.Debug|Win32.Build.0 = Debug|Win32
		{E315FD23-B4D1-41A7-8503-355C34C2DB41}.Release|Win32.ActiveCfg = Release|Win32
		{E315FD23-B4D1-41A7-8503-355C34C2DB41}.Release|Win32.Build.0 = Release|Win32
		{EEFB922D-3F3D-41E2-9427-AE80A0E5A31C}.Debug|Win32.ActiveCfg = Debug|Win32
		{EEFB922D-3F3D-41E2-9427-AE80A0E5A31C}.Debug|Win32.Build.0 = Debug|Win32
		{EEFB922D-3F3D-41E2-9427-AE80A0E5A31C}.Release|Win32.ActiveCfg = Release|Win32
		{EEFB922D-3F3D-41E2-9427-AE80A0E5A31C}.Release|Win32.Build.0 = Release|Win32
	EndGlobalSection
	GlobalSection(SolutionProperties) = preSolution
		HideSolutionNode = FALSE
	EndGlobalSection
EndGlobal
